# This file is @generated by PDM.
# It is not intended for manual editing.

[metadata]
groups = ["default", "lint", "test", "typing"]
strategy = ["inherit_metadata"]
lock_version = "4.5.0"
content_hash = "sha256:c1cfc6b544a7f36a4ab9a6e880da0b28f70c48ec0a35379747c89d516eeabd5e"

[[metadata.targets]]
requires_python = "==3.12.*"

[[package]]
name = "annotated-types"
version = "0.7.0"
requires_python = ">=3.8"
summary = "Reusable constraint types to use with typing.Annotated"
groups = ["default"]
dependencies = [
    "typing-extensions>=4.0.0; python_version < \"3.9\"",
]
files = [
    {file = "annotated_types-0.7.0-py3-none-any.whl", hash = "sha256:1f02e8b43a8fbbc3f3e0d4f0f4bfc8131bcb4eebe8849b8e5c773f3a1c582a53"},
    {file = "annotated_types-0.7.0.tar.gz", hash = "sha256:aff07c09a53a08bc8cfccb9c85b05f1aa9a2a6f23728d790723543408344ce89"},
]

[[package]]
name = "anyio"
version = "4.4.0"
requires_python = ">=3.8"
summary = "High level compatibility layer for multiple asynchronous event loop implementations"
groups = ["default"]
dependencies = [
    "exceptiongroup>=1.0.2; python_version < \"3.11\"",
    "idna>=2.8",
    "sniffio>=1.1",
    "typing-extensions>=4.1; python_version < \"3.11\"",
]
files = [
    {file = "anyio-4.4.0-py3-none-any.whl", hash = "sha256:c1b2d8f46a8a812513012e1107cb0e68c17159a7a594208005a57dc776e1bdc7"},
    {file = "anyio-4.4.0.tar.gz", hash = "sha256:5aadc6a1bbb7cdb0bede386cac5e2940f5e2ff3aa20277e991cf028e0585ce94"},
]

[[package]]
name = "click"
version = "8.1.7"
requires_python = ">=3.7"
summary = "Composable command line interface toolkit"
groups = ["default"]
dependencies = [
    "colorama; platform_system == \"Windows\"",
    "importlib-metadata; python_version < \"3.8\"",
]
files = [
    {file = "click-8.1.7-py3-none-any.whl", hash = "sha256:ae74fb96c20a0277a1d615f1e4d73c8414f5a98db8b799a7931d1582f3390c28"},
    {file = "click-8.1.7.tar.gz", hash = "sha256:ca9853ad459e787e2192211578cc907e7594e294c7ccc834310722b41b9ca6de"},
]

[[package]]
name = "colorama"
version = "0.4.6"
requires_python = "!=3.0.*,!=3.1.*,!=3.2.*,!=3.3.*,!=3.4.*,!=3.5.*,!=3.6.*,>=2.7"
summary = "Cross-platform colored terminal text."
groups = ["default", "test"]
marker = "sys_platform == \"win32\" or platform_system == \"Windows\""
files = [
    {file = "colorama-0.4.6-py2.py3-none-any.whl", hash = "sha256:4f1d9991f5acc0ca119f9d443620b77f9d6b33703e51011c16baf57afb285fc6"},
    {file = "colorama-0.4.6.tar.gz", hash = "sha256:08695f5cb7ed6e0531a20572697297273c47b8cae5a63ffc6d6ed5c201be6e44"},
]

[[package]]
name = "coverage"
version = "7.6.1"
requires_python = ">=3.8"
summary = "Code coverage measurement for Python"
groups = ["test"]
files = [
    {file = "coverage-7.6.1-cp312-cp312-macosx_10_9_x86_64.whl", hash = "sha256:95cae0efeb032af8458fc27d191f85d1717b1d4e49f7cb226cf526ff28179778"},
    {file = "coverage-7.6.1-cp312-cp312-macosx_11_0_arm64.whl", hash = "sha256:5621a9175cf9d0b0c84c2ef2b12e9f5f5071357c4d2ea6ca1cf01814f45d2391"},
    {file = "coverage-7.6.1-cp312-cp312-manylinux_2_17_aarch64.manylinux2014_aarch64.whl", hash = "sha256:260933720fdcd75340e7dbe9060655aff3af1f0c5d20f46b57f262ab6c86a5e8"},
    {file = "coverage-7.6.1-cp312-cp312-manylinux_2_5_i686.manylinux1_i686.manylinux_2_17_i686.manylinux2014_i686.whl", hash = "sha256:07e2ca0ad381b91350c0ed49d52699b625aab2b44b65e1b4e02fa9df0e92ad2d"},
    {file = "coverage-7.6.1-cp312-cp312-manylinux_2_5_x86_64.manylinux1_x86_64.manylinux_2_17_x86_64.manylinux2014_x86_64.whl", hash = "sha256:c44fee9975f04b33331cb8eb272827111efc8930cfd582e0320613263ca849ca"},
    {file = "coverage-7.6.1-cp312-cp312-musllinux_1_2_aarch64.whl", hash = "sha256:877abb17e6339d96bf08e7a622d05095e72b71f8afd8a9fefc82cf30ed944163"},
    {file = "coverage-7.6.1-cp312-cp312-musllinux_1_2_i686.whl", hash = "sha256:3e0cadcf6733c09154b461f1ca72d5416635e5e4ec4e536192180d34ec160f8a"},
    {file = "coverage-7.6.1-cp312-cp312-musllinux_1_2_x86_64.whl", hash = "sha256:c3c02d12f837d9683e5ab2f3d9844dc57655b92c74e286c262e0fc54213c216d"},
    {file = "coverage-7.6.1-cp312-cp312-win32.whl", hash = "sha256:e05882b70b87a18d937ca6768ff33cc3f72847cbc4de4491c8e73880766718e5"},
    {file = "coverage-7.6.1-cp312-cp312-win_amd64.whl", hash = "sha256:b5d7b556859dd85f3a541db6a4e0167b86e7273e1cdc973e5b175166bb634fdb"},
    {file = "coverage-7.6.1.tar.gz", hash = "sha256:953510dfb7b12ab69d20135a0662397f077c59b1e6379a768e97c59d852ee51d"},
]

[[package]]
name = "coverage"
version = "7.6.1"
extras = ["toml"]
requires_python = ">=3.8"
summary = "Code coverage measurement for Python"
groups = ["test"]
dependencies = [
    "coverage==7.6.1",
    "tomli; python_full_version <= \"3.11.0a6\"",
]
files = [
    {file = "coverage-7.6.1-cp312-cp312-macosx_10_9_x86_64.whl", hash = "sha256:95cae0efeb032af8458fc27d191f85d1717b1d4e49f7cb226cf526ff28179778"},
    {file = "coverage-7.6.1-cp312-cp312-macosx_11_0_arm64.whl", hash = "sha256:5621a9175cf9d0b0c84c2ef2b12e9f5f5071357c4d2ea6ca1cf01814f45d2391"},
    {file = "coverage-7.6.1-cp312-cp312-manylinux_2_17_aarch64.manylinux2014_aarch64.whl", hash = "sha256:260933720fdcd75340e7dbe9060655aff3af1f0c5d20f46b57f262ab6c86a5e8"},
    {file = "coverage-7.6.1-cp312-cp312-manylinux_2_5_i686.manylinux1_i686.manylinux_2_17_i686.manylinux2014_i686.whl", hash = "sha256:07e2ca0ad381b91350c0ed49d52699b625aab2b44b65e1b4e02fa9df0e92ad2d"},
    {file = "coverage-7.6.1-cp312-cp312-manylinux_2_5_x86_64.manylinux1_x86_64.manylinux_2_17_x86_64.manylinux2014_x86_64.whl", hash = "sha256:c44fee9975f04b33331cb8eb272827111efc8930cfd582e0320613263ca849ca"},
    {file = "coverage-7.6.1-cp312-cp312-musllinux_1_2_aarch64.whl", hash = "sha256:877abb17e6339d96bf08e7a622d05095e72b71f8afd8a9fefc82cf30ed944163"},
    {file = "coverage-7.6.1-cp312-cp312-musllinux_1_2_i686.whl", hash = "sha256:3e0cadcf6733c09154b461f1ca72d5416635e5e4ec4e536192180d34ec160f8a"},
    {file = "coverage-7.6.1-cp312-cp312-musllinux_1_2_x86_64.whl", hash = "sha256:c3c02d12f837d9683e5ab2f3d9844dc57655b92c74e286c262e0fc54213c216d"},
    {file = "coverage-7.6.1-cp312-cp312-win32.whl", hash = "sha256:e05882b70b87a18d937ca6768ff33cc3f72847cbc4de4491c8e73880766718e5"},
    {file = "coverage-7.6.1-cp312-cp312-win_amd64.whl", hash = "sha256:b5d7b556859dd85f3a541db6a4e0167b86e7273e1cdc973e5b175166bb634fdb"},
    {file = "coverage-7.6.1.tar.gz", hash = "sha256:953510dfb7b12ab69d20135a0662397f077c59b1e6379a768e97c59d852ee51d"},
]

[[package]]
name = "fastapi"
version = "0.112.1"
requires_python = ">=3.8"
summary = "FastAPI framework, high performance, easy to learn, fast to code, ready for production"
groups = ["default"]
dependencies = [
    "pydantic!=1.8,!=1.8.1,!=2.0.0,!=2.0.1,!=2.1.0,<3.0.0,>=1.7.4",
    "starlette<0.39.0,>=0.37.2",
    "typing-extensions>=4.8.0",
]
files = [
    {file = "fastapi-0.112.1-py3-none-any.whl", hash = "sha256:bcbd45817fc2a1cd5da09af66815b84ec0d3d634eb173d1ab468ae3103e183e4"},
    {file = "fastapi-0.112.1.tar.gz", hash = "sha256:b2537146f8c23389a7faa8b03d0bd38d4986e6983874557d95eed2acc46448ef"},
]

[[package]]
name = "freezegun"
version = "1.5.1"
requires_python = ">=3.7"
summary = "Let your Python tests travel through time"
groups = ["test"]
dependencies = [
    "python-dateutil>=2.7",
]
files = [
    {file = "freezegun-1.5.1-py3-none-any.whl", hash = "sha256:bf111d7138a8abe55ab48a71755673dbaa4ab87f4cff5634a4442dfec34c15f1"},
    {file = "freezegun-1.5.1.tar.gz", hash = "sha256:b29dedfcda6d5e8e083ce71b2b542753ad48cfec44037b3fc79702e2980a89e9"},
]

[[package]]
name = "h11"
version = "0.14.0"
requires_python = ">=3.7"
summary = "A pure-Python, bring-your-own-I/O implementation of HTTP/1.1"
groups = ["default"]
dependencies = [
    "typing-extensions; python_version < \"3.8\"",
]
files = [
    {file = "h11-0.14.0-py3-none-any.whl", hash = "sha256:e3fe4ac4b851c468cc8363d500db52c2ead036020723024a109d37346efaa761"},
    {file = "h11-0.14.0.tar.gz", hash = "sha256:8f19fbbe99e72420ff35c00b27a34cb9937e902a8b810e2c88300c6f0a3b699d"},
]

[[package]]
name = "idna"
version = "3.7"
requires_python = ">=3.5"
summary = "Internationalized Domain Names in Applications (IDNA)"
groups = ["default"]
files = [
    {file = "idna-3.7-py3-none-any.whl", hash = "sha256:82fee1fc78add43492d3a1898bfa6d8a904cc97d8427f683ed8e798d07761aa0"},
    {file = "idna-3.7.tar.gz", hash = "sha256:028ff3aadf0609c1fd278d8ea3089299412a7a8b9bd005dd08b9f8285bcb5cfc"},
]

[[package]]
name = "iniconfig"
version = "2.0.0"
requires_python = ">=3.7"
summary = "brain-dead simple config-ini parsing"
groups = ["test"]
files = [
    {file = "iniconfig-2.0.0-py3-none-any.whl", hash = "sha256:b6a85871a79d2e3b22d2d1b94ac2824226a63c6b741c88f7ae975f18b6778374"},
    {file = "iniconfig-2.0.0.tar.gz", hash = "sha256:2d91e135bf72d31a410b17c16da610a82cb55f6b0477d1a902134b24a455b8b3"},
]

[[package]]
name = "mypy"
version = "1.11.2"
requires_python = ">=3.8"
summary = "Optional static typing for Python"
groups = ["default", "typing"]
dependencies = [
    "mypy-extensions>=1.0.0",
    "tomli>=1.1.0; python_version < \"3.11\"",
    "typing-extensions>=4.6.0",
]
files = [
    {file = "mypy-1.11.2-cp312-cp312-macosx_10_9_x86_64.whl", hash = "sha256:e8960dbbbf36906c5c0b7f4fbf2f0c7ffb20f4898e6a879fcf56a41a08b0d318"},
    {file = "mypy-1.11.2-cp312-cp312-macosx_11_0_arm64.whl", hash = "sha256:06d26c277962f3fb50e13044674aa10553981ae514288cb7d0a738f495550b36"},
    {file = "mypy-1.11.2-cp312-cp312-manylinux_2_17_x86_64.manylinux2014_x86_64.manylinux_2_28_x86_64.whl", hash = "sha256:6e7184632d89d677973a14d00ae4d03214c8bc301ceefcdaf5c474866814c987"},
    {file = "mypy-1.11.2-cp312-cp312-musllinux_1_1_x86_64.whl", hash = "sha256:3a66169b92452f72117e2da3a576087025449018afc2d8e9bfe5ffab865709ca"},
    {file = "mypy-1.11.2-cp312-cp312-win_amd64.whl", hash = "sha256:969ea3ef09617aff826885a22ece0ddef69d95852cdad2f60c8bb06bf1f71f70"},
    {file = "mypy-1.11.2-py3-none-any.whl", hash = "sha256:b499bc07dbdcd3de92b0a8b29fdf592c111276f6a12fe29c30f6c417dd546d12"},
    {file = "mypy-1.11.2.tar.gz", hash = "sha256:7f9993ad3e0ffdc95c2a14b66dee63729f021968bff8ad911867579c65d13a79"},
]

[[package]]
name = "mypy-extensions"
version = "1.0.0"
requires_python = ">=3.5"
summary = "Type system extensions for programs checked with the mypy type checker."
groups = ["default", "typing"]
files = [
    {file = "mypy_extensions-1.0.0-py3-none-any.whl", hash = "sha256:4392f6c0eb8a5668a69e23d168ffa70f0be9ccfd32b5cc2d26a34ae5b844552d"},
    {file = "mypy_extensions-1.0.0.tar.gz", hash = "sha256:75dbf8955dc00442a438fc4d0666508a9a97b6bd41aa2f0ffe9d2f2725af0782"},
]

[[package]]
name = "packaging"
version = "24.1"
requires_python = ">=3.8"
summary = "Core utilities for Python packages"
groups = ["test"]
files = [
    {file = "packaging-24.1-py3-none-any.whl", hash = "sha256:5b8f2217dbdbd2f7f384c41c628544e6d52f2d0f53c6d0c3ea61aa5d1d7ff124"},
    {file = "packaging-24.1.tar.gz", hash = "sha256:026ed72c8ed3fcce5bf8950572258698927fd1dbda10a5e981cdf0ac37f4f002"},
]

[[package]]
name = "pluggy"
version = "1.5.0"
requires_python = ">=3.8"
summary = "plugin and hook calling mechanisms for python"
groups = ["test"]
files = [
    {file = "pluggy-1.5.0-py3-none-any.whl", hash = "sha256:44e1ad92c8ca002de6377e165f3e0f1be63266ab4d554740532335b9d75ea669"},
    {file = "pluggy-1.5.0.tar.gz", hash = "sha256:2cffa88e94fdc978c4c574f15f9e59b7f4201d439195c3715ca9e2486f1d0cf1"},
]

[[package]]
name = "pydantic"
version = "2.8.2"
requires_python = ">=3.8"
summary = "Data validation using Python type hints"
groups = ["default"]
dependencies = [
    "annotated-types>=0.4.0",
    "pydantic-core==2.20.1",
    "typing-extensions>=4.12.2; python_version >= \"3.13\"",
    "typing-extensions>=4.6.1; python_version < \"3.13\"",
]
files = [
    {file = "pydantic-2.8.2-py3-none-any.whl", hash = "sha256:73ee9fddd406dc318b885c7a2eab8a6472b68b8fb5ba8150949fc3db939f23c8"},
    {file = "pydantic-2.8.2.tar.gz", hash = "sha256:6f62c13d067b0755ad1c21a34bdd06c0c12625a22b0fc09c6b149816604f7c2a"},
]

[[package]]
name = "pydantic-core"
version = "2.20.1"
requires_python = ">=3.8"
summary = "Core functionality for Pydantic validation and serialization"
groups = ["default"]
dependencies = [
    "typing-extensions!=4.7.0,>=4.6.0",
]
files = [
    {file = "pydantic_core-2.20.1-cp312-cp312-macosx_10_12_x86_64.whl", hash = "sha256:595ba5be69b35777474fa07f80fc260ea71255656191adb22a8c53aba4479231"},
    {file = "pydantic_core-2.20.1-cp312-cp312-macosx_11_0_arm64.whl", hash = "sha256:a4f55095ad087474999ee28d3398bae183a66be4823f753cd7d67dd0153427c9"},
    {file = "pydantic_core-2.20.1-cp312-cp312-manylinux_2_17_aarch64.manylinux2014_aarch64.whl", hash = "sha256:f9aa05d09ecf4c75157197f27cdc9cfaeb7c5f15021c6373932bf3e124af029f"},
    {file = "pydantic_core-2.20.1-cp312-cp312-manylinux_2_17_armv7l.manylinux2014_armv7l.whl", hash = "sha256:e97fdf088d4b31ff4ba35db26d9cc472ac7ef4a2ff2badeabf8d727b3377fc52"},
    {file = "pydantic_core-2.20.1-cp312-cp312-manylinux_2_17_ppc64le.manylinux2014_ppc64le.whl", hash = "sha256:bc633a9fe1eb87e250b5c57d389cf28998e4292336926b0b6cdaee353f89a237"},
    {file = "pydantic_core-2.20.1-cp312-cp312-manylinux_2_17_s390x.manylinux2014_s390x.whl", hash = "sha256:d573faf8eb7e6b1cbbcb4f5b247c60ca8be39fe2c674495df0eb4318303137fe"},
    {file = "pydantic_core-2.20.1-cp312-cp312-manylinux_2_17_x86_64.manylinux2014_x86_64.whl", hash = "sha256:26dc97754b57d2fd00ac2b24dfa341abffc380b823211994c4efac7f13b9e90e"},
    {file = "pydantic_core-2.20.1-cp312-cp312-manylinux_2_5_i686.manylinux1_i686.whl", hash = "sha256:33499e85e739a4b60c9dac710c20a08dc73cb3240c9a0e22325e671b27b70d24"},
    {file = "pydantic_core-2.20.1-cp312-cp312-musllinux_1_1_aarch64.whl", hash = "sha256:bebb4d6715c814597f85297c332297c6ce81e29436125ca59d1159b07f423eb1"},
    {file = "pydantic_core-2.20.1-cp312-cp312-musllinux_1_1_x86_64.whl", hash = "sha256:516d9227919612425c8ef1c9b869bbbee249bc91912c8aaffb66116c0b447ebd"},
    {file = "pydantic_core-2.20.1-cp312-none-win32.whl", hash = "sha256:469f29f9093c9d834432034d33f5fe45699e664f12a13bf38c04967ce233d688"},
    {file = "pydantic_core-2.20.1-cp312-none-win_amd64.whl", hash = "sha256:035ede2e16da7281041f0e626459bcae33ed998cca6a0a007a5ebb73414ac72d"},
    {file = "pydantic_core-2.20.1.tar.gz", hash = "sha256:26ca695eeee5f9f1aeeb211ffc12f10bcb6f71e2989988fda61dabd65db878d4"},
]

[[package]]
name = "pytest"
version = "8.3.2"
requires_python = ">=3.8"
summary = "pytest: simple powerful testing with Python"
groups = ["test"]
dependencies = [
    "colorama; sys_platform == \"win32\"",
    "exceptiongroup>=1.0.0rc8; python_version < \"3.11\"",
    "iniconfig",
    "packaging",
    "pluggy<2,>=1.5",
    "tomli>=1; python_version < \"3.11\"",
]
files = [
    {file = "pytest-8.3.2-py3-none-any.whl", hash = "sha256:4ba08f9ae7dcf84ded419494d229b48d0903ea6407b030eaec46df5e6a73bba5"},
    {file = "pytest-8.3.2.tar.gz", hash = "sha256:c132345d12ce551242c87269de812483f5bcc87cdbb4722e48487ba194f9fdce"},
]

[[package]]
name = "pytest-cov"
version = "5.0.0"
requires_python = ">=3.8"
summary = "Pytest plugin for measuring coverage."
groups = ["test"]
dependencies = [
    "coverage[toml]>=5.2.1",
    "pytest>=4.6",
]
files = [
    {file = "pytest-cov-5.0.0.tar.gz", hash = "sha256:5837b58e9f6ebd335b0f8060eecce69b662415b16dc503883a02f45dfeb14857"},
    {file = "pytest_cov-5.0.0-py3-none-any.whl", hash = "sha256:4f0764a1219df53214206bf1feea4633c3b558a2925c8b59f144f682861ce652"},
]

[[package]]
name = "python-dateutil"
version = "2.9.0.post0"
requires_python = "!=3.0.*,!=3.1.*,!=3.2.*,>=2.7"
summary = "Extensions to the standard Python datetime module"
groups = ["test"]
dependencies = [
    "six>=1.5",
]
files = [
    {file = "python-dateutil-2.9.0.post0.tar.gz", hash = "sha256:37dd54208da7e1cd875388217d5e00ebd4179249f90fb72437e91a35459a0ad3"},
    {file = "python_dateutil-2.9.0.post0-py2.py3-none-any.whl", hash = "sha256:a8b2bc7bffae282281c8140a97d3aa9c14da0b136dfe83f850eea9a5f7470427"},
]

[[package]]
name = "ruff"
version = "0.6.0"
requires_python = ">=3.7"
summary = "An extremely fast Python linter and code formatter, written in Rust."
groups = ["lint"]
files = [
    {file = "ruff-0.6.0-py3-none-linux_armv6l.whl", hash = "sha256:92dcce923e5df265781e5fc76f9a1edad52201a7aafe56e586b90988d5239013"},
    {file = "ruff-0.6.0-py3-none-macosx_10_12_x86_64.whl", hash = "sha256:31b90ff9dc79ed476c04e957ba7e2b95c3fceb76148f2079d0d68a908d2cfae7"},
    {file = "ruff-0.6.0-py3-none-macosx_11_0_arm64.whl", hash = "sha256:6d834a9ec9f8287dd6c3297058b3a265ed6b59233db22593379ee38ebc4b9768"},
    {file = "ruff-0.6.0-py3-none-manylinux_2_17_aarch64.manylinux2014_aarch64.whl", hash = "sha256:f2089267692696aba342179471831a085043f218706e642564812145df8b8d0d"},
    {file = "ruff-0.6.0-py3-none-manylinux_2_17_armv7l.manylinux2014_armv7l.whl", hash = "sha256:aa62b423ee4bbd8765f2c1dbe8f6aac203e0583993a91453dc0a449d465c84da"},
    {file = "ruff-0.6.0-py3-none-manylinux_2_17_i686.manylinux2014_i686.whl", hash = "sha256:7344e1a964b16b1137ea361d6516ce4ee61a0403fa94252a1913ecc1311adcae"},
    {file = "ruff-0.6.0-py3-none-manylinux_2_17_ppc64.manylinux2014_ppc64.whl", hash = "sha256:487f3a35c3f33bf82be212ce15dc6278ea854e35573a3f809442f73bec8b2760"},
    {file = "ruff-0.6.0-py3-none-manylinux_2_17_ppc64le.manylinux2014_ppc64le.whl", hash = "sha256:75db409984077a793cf344d499165298a6f65449e905747ac65983b12e3e64b1"},
    {file = "ruff-0.6.0-py3-none-manylinux_2_17_s390x.manylinux2014_s390x.whl", hash = "sha256:84908bd603533ecf1db456d8fc2665d1f4335d722e84bc871d3bbd2d1116c272"},
    {file = "ruff-0.6.0-py3-none-manylinux_2_17_x86_64.manylinux2014_x86_64.whl", hash = "sha256:0f1749a0aef3ec41ed91a0e2127a6ae97d2e2853af16dbd4f3c00d7a3af726c5"},
    {file = "ruff-0.6.0-py3-none-musllinux_1_2_aarch64.whl", hash = "sha256:016fea751e2bcfbbd2f8cb19b97b37b3fd33148e4df45b526e87096f4e17354f"},
    {file = "ruff-0.6.0-py3-none-musllinux_1_2_armv7l.whl", hash = "sha256:6ae80f141b53b2e36e230017e64f5ea2def18fac14334ffceaae1b780d70c4f7"},
    {file = "ruff-0.6.0-py3-none-musllinux_1_2_i686.whl", hash = "sha256:eaaaf33ea4b3f63fd264d6a6f4a73fa224bbfda4b438ffea59a5340f4afa2bb5"},
    {file = "ruff-0.6.0-py3-none-musllinux_1_2_x86_64.whl", hash = "sha256:7667ddd1fc688150a7ca4137140867584c63309695a30016880caf20831503a0"},
    {file = "ruff-0.6.0-py3-none-win32.whl", hash = "sha256:ae48365aae60d40865a412356f8c6f2c0be1c928591168111eaf07eaefa6bea3"},
    {file = "ruff-0.6.0-py3-none-win_amd64.whl", hash = "sha256:774032b507c96f0c803c8237ce7d2ef3934df208a09c40fa809c2931f957fe5e"},
    {file = "ruff-0.6.0-py3-none-win_arm64.whl", hash = "sha256:a5366e8c3ae6b2dc32821749b532606c42e609a99b0ae1472cf601da931a048c"},
    {file = "ruff-0.6.0.tar.gz", hash = "sha256:272a81830f68f9bd19d49eaf7fa01a5545c5a2e86f32a9935bb0e4bb9a1db5b8"},
]

[[package]]
name = "six"
version = "1.16.0"
requires_python = ">=2.7, !=3.0.*, !=3.1.*, !=3.2.*"
summary = "Python 2 and 3 compatibility utilities"
groups = ["test"]
files = [
    {file = "six-1.16.0-py2.py3-none-any.whl", hash = "sha256:8abb2f1d86890a2dfb989f9a77cfcfd3e47c2a354b01111771326f8aa26e0254"},
    {file = "six-1.16.0.tar.gz", hash = "sha256:1e61c37477a1626458e36f7b1d82aa5c9b094fa4802892072e49de9c60c4c926"},
]

[[package]]
name = "sniffio"
version = "1.3.1"
requires_python = ">=3.7"
summary = "Sniff out which async library your code is running under"
groups = ["default"]
files = [
    {file = "sniffio-1.3.1-py3-none-any.whl", hash = "sha256:2f6da418d1f1e0fddd844478f41680e794e6051915791a034ff65e5f100525a2"},
    {file = "sniffio-1.3.1.tar.gz", hash = "sha256:f4324edc670a0f49750a81b895f35c3adb843cca46f0530f79fc1babb23789dc"},
]

[[package]]
name = "starlette"
version = "0.38.2"
requires_python = ">=3.8"
summary = "The little ASGI library that shines."
groups = ["default"]
dependencies = [
    "anyio<5,>=3.4.0",
    "typing-extensions>=3.10.0; python_version < \"3.10\"",
]
files = [
    {file = "starlette-0.38.2-py3-none-any.whl", hash = "sha256:4ec6a59df6bbafdab5f567754481657f7ed90dc9d69b0c9ff017907dd54faeff"},
    {file = "starlette-0.38.2.tar.gz", hash = "sha256:c7c0441065252160993a1a37cf2a73bb64d271b17303e0b0c1eb7191cfb12d75"},
]

[[package]]
name = "types-psycopg2"
version = "2.9.21.20240819"
requires_python = ">=3.8"
summary = "Typing stubs for psycopg2"
groups = ["typing"]
files = [
    {file = "types-psycopg2-2.9.21.20240819.tar.gz", hash = "sha256:4ed6b47464d6374fa64e5e3b234cea0f710e72123a4596d67ab50b7415a84666"},
    {file = "types_psycopg2-2.9.21.20240819-py3-none-any.whl", hash = "sha256:c9192311c27d7ad561eef705f1b2df1074f2cdcf445a98a6a2fcaaaad43278cf"},
]

[[package]]
name = "types-requests"
version = "2.32.0.20240905"
requires_python = ">=3.8"
summary = "Typing stubs for requests"
groups = ["typing"]
dependencies = [
    "urllib3>=2",
]
files = [
    {file = "types-requests-2.32.0.20240905.tar.gz", hash = "sha256:e97fd015a5ed982c9ddcd14cc4afba9d111e0e06b797c8f776d14602735e9bd6"},
    {file = "types_requests-2.32.0.20240905-py3-none-any.whl", hash = "sha256:f46ecb55f5e1a37a58be684cf3f013f166da27552732ef2469a0cc8e62a72881"},
]

[[package]]
name = "typing-extensions"
version = "4.12.2"
requires_python = ">=3.8"
summary = "Backported and Experimental Type Hints for Python 3.8+"
groups = ["default", "typing"]
files = [
    {file = "typing_extensions-4.12.2-py3-none-any.whl", hash = "sha256:04e5ca0351e0f3f85c6853954072df659d0d13fac324d0072316b67d7794700d"},
    {file = "typing_extensions-4.12.2.tar.gz", hash = "sha256:1a7ead55c7e559dd4dee8856e3a88b41225abfe1ce8df57b7c13915fe121ffb8"},
]

[[package]]
name = "urllib3"
version = "2.2.2"
requires_python = ">=3.8"
summary = "HTTP library with thread-safe connection pooling, file post, and more."
groups = ["typing"]
files = [
    {file = "urllib3-2.2.2-py3-none-any.whl", hash = "sha256:a448b2f64d686155468037e1ace9f2d2199776e17f0a46610480d311f73e3472"},
    {file = "urllib3-2.2.2.tar.gz", hash = "sha256:dd505485549a7a552833da5e6063639d0d177c04f23bc3864e41e5dc5f612168"},
]

[[package]]
name = "uvicorn"
version = "0.30.6"
requires_python = ">=3.8"
summary = "The lightning-fast ASGI server."
groups = ["default"]
dependencies = [
    "click>=7.0",
    "h11>=0.8",
    "typing-extensions>=4.0; python_version < \"3.11\"",
]
files = [
    {file = "uvicorn-0.30.6-py3-none-any.whl", hash = "sha256:65fd46fe3fda5bdc1b03b94eb634923ff18cd35b2f084813ea79d1f103f711b5"},
    {file = "uvicorn-0.30.6.tar.gz", hash = "sha256:4b15decdda1e72be08209e860a1e10e92439ad5b97cf44cc945fcbee66fc5788"},
]
